// !$*UTF8*$!
{
	archiveVersion = 1;
	classes = {
	};
	objectVersion = 46;
	objects = {

/* Begin PBXBuildFile section */
		C440ED741DBF10A60046EF52 /* Glyphs.swift in Sources */ = {isa = PBXBuildFile; fileRef = C440ED731DBF10A60046EF52 /* Glyphs.swift */; };
		C45A34541CFD10E900F4C6DD /* AppDelegate.swift in Sources */ = {isa = PBXBuildFile; fileRef = C45A34531CFD10E900F4C6DD /* AppDelegate.swift */; };
		C45A34561CFD10E900F4C6DD /* ViewController.swift in Sources */ = {isa = PBXBuildFile; fileRef = C45A34551CFD10E900F4C6DD /* ViewController.swift */; };
		C45A34591CFD10E900F4C6DD /* Main.storyboard in Resources */ = {isa = PBXBuildFile; fileRef = C45A34571CFD10E900F4C6DD /* Main.storyboard */; };
		C45A345B1CFD10E900F4C6DD /* Assets.xcassets in Resources */ = {isa = PBXBuildFile; fileRef = C45A345A1CFD10E900F4C6DD /* Assets.xcassets */; };
		C45A345E1CFD10E900F4C6DD /* LaunchScreen.storyboard in Resources */ = {isa = PBXBuildFile; fileRef = C45A345C1CFD10E900F4C6DD /* LaunchScreen.storyboard */; };
/* End PBXBuildFile section */

/* Begin PBXFileReference section */
		C440ED731DBF10A60046EF52 /* Glyphs.swift */ = {isa = PBXFileReference; fileEncoding = 4; lastKnownFileType = sourcecode.swift; path = Glyphs.swift; sourceTree = "<group>"; };
		C45A34501CFD10E800F4C6DD /* GlyphTester.app */ = {isa = PBXFileReference; explicitFileType = wrapper.application; includeInIndex = 0; path = GlyphTester.app; sourceTree = BUILT_PRODUCTS_DIR; };
		C45A34531CFD10E900F4C6DD /* AppDelegate.swift */ = {isa = PBXFileReference; lastKnownFileType = sourcecode.swift; path = AppDelegate.swift; sourceTree = "<group>"; };
		C45A34551CFD10E900F4C6DD /* ViewController.swift */ = {isa = PBXFileReference; lastKnownFileType = sourcecode.swift; path = ViewController.swift; sourceTree = "<group>"; };
		C45A34581CFD10E900F4C6DD /* Base */ = {isa = PBXFileReference; lastKnownFileType = file.storyboard; name = Base; path = Base.lproj/Main.storyboard; sourceTree = "<group>"; };
		C45A345A1CFD10E900F4C6DD /* Assets.xcassets */ = {isa = PBXFileReference; lastKnownFileType = folder.assetcatalog; path = Assets.xcassets; sourceTree = "<group>"; };
		C45A345D1CFD10E900F4C6DD /* Base */ = {isa = PBXFileReference; lastKnownFileType = file.storyboard; name = Base; path = Base.lproj/LaunchScreen.storyboard; sourceTree = "<group>"; };
		C45A345F1CFD10E900F4C6DD /* Info.plist */ = {isa = PBXFileReference; lastKnownFileType = text.plist.xml; path = Info.plist; sourceTree = "<group>"; };
/* End PBXFileReference section */

/* Begin PBXFrameworksBuildPhase section */
		C45A344D1CFD10E800F4C6DD /* Frameworks */ = {
			isa = PBXFrameworksBuildPhase;
			buildActionMask = 2147483647;
			files = (
			);
			runOnlyForDeploymentPostprocessing = 0;
		};
/* End PBXFrameworksBuildPhase section */

/* Begin PBXGroup section */
		C45A34471CFD10E800F4C6DD = {
			isa = PBXGroup;
			children = (
				C45A34521CFD10E900F4C6DD /* GlyphTester */,
				C45A34511CFD10E800F4C6DD /* Products */,
			);
			sourceTree = "<group>";
		};
		C45A34511CFD10E800F4C6DD /* Products */ = {
			isa = PBXGroup;
			children = (
				C45A34501CFD10E800F4C6DD /* GlyphTester.app */,
			);
			name = Products;
			sourceTree = "<group>";
		};
		C45A34521CFD10E900F4C6DD /* GlyphTester */ = {
			isa = PBXGroup;
			children = (
				C45A34531CFD10E900F4C6DD /* AppDelegate.swift */,
				C45A34551CFD10E900F4C6DD /* ViewController.swift */,
				C45A34571CFD10E900F4C6DD /* Main.storyboard */,
				C45A345A1CFD10E900F4C6DD /* Assets.xcassets */,
				C45A345C1CFD10E900F4C6DD /* LaunchScreen.storyboard */,
				C45A345F1CFD10E900F4C6DD /* Info.plist */,
				C440ED731DBF10A60046EF52 /* Glyphs.swift */,
			);
			path = GlyphTester;
			sourceTree = "<group>";
		};
/* End PBXGroup section */

/* Begin PBXNativeTarget section */
		C45A344F1CFD10E800F4C6DD /* GlyphTester */ = {
			isa = PBXNativeTarget;
			buildConfigurationList = C45A34621CFD10E900F4C6DD /* Build configuration list for PBXNativeTarget "GlyphTester" */;
			buildPhases = (
				C45A344C1CFD10E800F4C6DD /* Sources */,
				C45A344D1CFD10E800F4C6DD /* Frameworks */,
				C45A344E1CFD10E800F4C6DD /* Resources */,
			);
			buildRules = (
			);
			dependencies = (
			);
			name = GlyphTester;
			productName = GlyphTester;
			productReference = C45A34501CFD10E800F4C6DD /* GlyphTester.app */;
			productType = "com.apple.product-type.application";
		};
/* End PBXNativeTarget section */

/* Begin PBXProject section */
		C45A34481CFD10E800F4C6DD /* Project object */ = {
			isa = PBXProject;
			attributes = {
				LastSwiftUpdateCheck = 0730;
				LastUpgradeCheck = 0900;
				ORGANIZATIONNAME = "Aaron Madlon-Kay";
				TargetAttributes = {
					C45A344F1CFD10E800F4C6DD = {
						CreatedOnToolsVersion = 7.3.1;
						DevelopmentTeam = YJ49B547WK;
						LastSwiftMigration = 0900;
					};
				};
			};
			buildConfigurationList = C45A344B1CFD10E800F4C6DD /* Build configuration list for PBXProject "GlyphTester" */;
			compatibilityVersion = "Xcode 3.2";
			developmentRegion = English;
			hasScannedForEncodings = 0;
			knownRegions = (
				en,
				Base,
			);
			mainGroup = C45A34471CFD10E800F4C6DD;
			productRefGroup = C45A34511CFD10E800F4C6DD /* Products */;
			projectDirPath = "";
			projectRoot = "";
			targets = (
				C45A344F1CFD10E800F4C6DD /* GlyphTester */,
			);
		};
/* End PBXProject section */

/* Begin PBXResourcesBuildPhase section */
		C45A344E1CFD10E800F4C6DD /* Resources */ = {
			isa = PBXResourcesBuildPhase;
			buildActionMask = 2147483647;
			files = (
				C45A345E1CFD10E900F4C6DD /* LaunchScreen.storyboard in Resources */,
				C45A345B1CFD10E900F4C6DD /* Assets.xcassets in Resources */,
				C45A34591CFD10E900F4C6DD /* Main.storyboard in Resources */,
			);
			runOnlyForDeploymentPostprocessing = 0;
		};
/* End PBXResourcesBuildPhase section */

/* Begin PBXSourcesBuildPhase section */
		C45A344C1CFD10E800F4C6DD /* Sources */ = {
			isa = PBXSourcesBuildPhase;
			buildActionMask = 2147483647;
			files = (
				C45A34561CFD10E900F4C6DD /* ViewController.swift in Sources */,
				C440ED741DBF10A60046EF52 /* Glyphs.swift in Sources */,
				C45A34541CFD10E900F4C6DD /* AppDelegate.swift in Sources */,
			);
			runOnlyForDeploymentPostprocessing = 0;
		};
/* End PBXSourcesBuildPhase section */

/* Begin PBXVariantGroup section */
		C45A34571CFD10E900F4C6DD /* Main.storyboard */ = {
			isa = PBXVariantGroup;
			children = (
				C45A34581CFD10E900F4C6DD /* Base */,
			);
			name = Main.storyboard;
			sourceTree = "<group>";
		};
		C45A345C1CFD10E900F4C6DD /* LaunchScreen.storyboard */ = {
			isa = PBXVariantGroup;
			children = (
				C45A345D1CFD10E900F4C6DD /* Base */,
			);
			name = LaunchScreen.storyboard;
			sourceTree = "<group>";
		};
/* End PBXVariantGroup section */

/* Begin XCBuildConfiguration section */
		C45A34601CFD10E900F4C6DD /* Debug */ = {
			isa = XCBuildConfiguration;
			buildSettings = {
				ALWAYS_SEARCH_USER_PATHS = NO;
				CLANG_ANALYZER_NONNULL = YES;
				CLANG_CXX_LANGUAGE_STANDARD = "gnu++0x";
				CLANG_CXX_LIBRARY = "libc++";
				CLANG_ENABLE_MODULES = YES;
				CLANG_ENABLE_OBJC_ARC = YES;
				CLANG_WARN_BLOCK_CAPTURE_AUTORELEASING = YES;
				CLANG_WARN_BOOL_CONVERSION = YES;
				CLANG_WARN_COMMA = YES;
				CLANG_WARN_CONSTANT_CONVERSION = YES;
				CLANG_WARN_DIRECT_OBJC_ISA_USAGE = YES_ERROR;
				CLANG_WARN_EMPTY_BODY = YES;
				CLANG_WARN_ENUM_CONVERSION = YES;
				CLANG_WARN_INFINITE_RECURSION = YES;
				CLANG_WARN_INT_CONVERSION = YES;
				CLANG_WARN_NON_LITERAL_NULL_CONVERSION = YES;
				CLANG_WARN_OBJC_LITERAL_CONVERSION = YES;
				CLANG_WARN_OBJC_ROOT_CLASS = YES_ERROR;
				CLANG_WARN_RANGE_LOOP_ANALYSIS = YES;
				CLANG_WARN_STRICT_PROTOTYPES = YES;
				CLANG_WARN_SUSPICIOUS_MOVE = YES;
				CLANG_WARN_UNREACHABLE_CODE = YES;
				CLANG_WARN__DUPLICATE_METHOD_MATCH = YES;
				"CODE_SIGN_IDENTITY[sdk=iphoneos*]" = "iPhone Developer";
				COPY_PHASE_STRIP = NO;
				DEBUG_INFORMATION_FORMAT = dwarf;
				ENABLE_STRICT_OBJC_MSGSEND = YES;
				ENABLE_TESTABILITY = YES;
				GCC_C_LANGUAGE_STANDARD = gnu99;
				GCC_DYNAMIC_NO_PIC = NO;
				GCC_NO_COMMON_BLOCKS = YES;
				GCC_OPTIMIZATION_LEVEL = 0;
				GCC_PREPROCESSOR_DEFINITIONS = (
					"DEBUG=1",
					"$(inherited)",
				);
				GCC_WARN_64_TO_32_BIT_CONVERSION = YES;
				GCC_WARN_ABOUT_RETURN_TYPE = YES_ERROR;
				GCC_WARN_UNDECLARED_SELECTOR = YES;
				GCC_WARN_UNINITIALIZED_AUTOS = YES_AGGRESSIVE;
				GCC_WARN_UNUSED_FUNCTION = YES;
				GCC_WARN_UNUSED_VARIABLE = YES;
				IPHONEOS_DEPLOYMENT_TARGET = 8.0;
				MTL_ENABLE_DEBUG_INFO = YES;
				ONLY_ACTIVE_ARCH = YES;
				SDKROOT = iphoneos;
				SWIFT_OPTIMIZATION_LEVEL = "-Onone";
				SWIFT_SWIFT3_OBJC_INFERENCE = Default;
				TARGETED_DEVICE_FAMILY = "1,2";
			};
			name = Debug;
		};
		C45A34611CFD10E900F4C6DD /* Release */ = {
			isa = XCBuildConfiguration;
			buildSettings = {
				ALWAYS_SEARCH_USER_PATHS = NO;
				CLANG_ANALYZER_NONNULL = YES;
				CLANG_CXX_LANGUAGE_STANDARD = "gnu++0x";
				CLANG_CXX_LIBRARY = "libc++";
				CLANG_ENABLE_MODULES = YES;
				CLANG_ENABLE_OBJC_ARC = YES;
				CLANG_WARN_BLOCK_CAPTURE_AUTORELEASING = YES;
				CLANG_WARN_BOOL_CONVERSION = YES;
				CLANG_WARN_COMMA = YES;
				CLANG_WARN_CONSTANT_CONVERSION = YES;
				CLANG_WARN_DIRECT_OBJC_ISA_USAGE = YES_ERROR;
				CLANG_WARN_EMPTY_BODY = YES;
				CLANG_WARN_ENUM_CONVERSION = YES;
				CLANG_WARN_INFINITE_RECURSION = YES;
				CLANG_WARN_INT_CONVERSION = YES;
				CLANG_WARN_NON_LITERAL_NULL_CONVERSION = YES;
				CLANG_WARN_OBJC_LITERAL_CONVERSION = YES;
				CLANG_WARN_OBJC_ROOT_CLASS = YES_ERROR;
				CLANG_WARN_RANGE_LOOP_ANALYSIS = YES;
				CLANG_WARN_STRICT_PROTOTYPES = YES;
				CLANG_WARN_SUSPICIOUS_MOVE = YES;
				CLANG_WARN_UNREACHABLE_CODE = YES;
				CLANG_WARN__DUPLICATE_METHOD_MATCH = YES;
				"CODE_SIGN_IDENTITY[sdk=iphoneos*]" = "iPhone Developer";
				COPY_PHASE_STRIP = NO;
				DEBUG_INFORMATION_FORMAT = "dwarf-with-dsym";
				ENABLE_NS_ASSERTIONS = NO;
				ENABLE_STRICT_OBJC_MSGSEND = YES;
				GCC_C_LANGUAGE_STANDARD = gnu99;
				GCC_NO_COMMON_BLOCKS = YES;
				GCC_WARN_64_TO_32_BIT_CONVERSION = YES;
				GCC_WARN_ABOUT_RETURN_TYPE = YES_ERROR;
				GCC_WARN_UNDECLARED_SELECTOR = YES;
				GCC_WARN_UNINITIALIZED_AUTOS = YES_AGGRESSIVE;
				GCC_WARN_UNUSED_FUNCTION = YES;
				GCC_WARN_UNUSED_VARIABLE = YES;
				IPHONEOS_DEPLOYMENT_TARGET = 8.0;
				MTL_ENABLE_DEBUG_INFO = NO;
				SDKROOT = iphoneos;
				SWIFT_OPTIMIZATION_LEVEL = "-Owholemodule";
				SWIFT_SWIFT3_OBJC_INFERENCE = Default;
				TARGETED_DEVICE_FAMILY = "1,2";
				VALIDATE_PRODUCT = YES;
			};
			name = Release;
		};
		C45A34631CFD10E900F4C6DD /* Debug */ = {
			isa = XCBuildConfiguration;
			buildSettings = {
				ASSETCATALOG_COMPILER_APPICON_NAME = AppIcon;
				CODE_SIGN_IDENTITY = "iPhone Developer";
				DEVELOPMENT_TEAM = YJ49B547WK;
				INFOPLIST_FILE = GlyphTester/Info.plist;
				LD_RUNPATH_SEARCH_PATHS = "$(inherited) @executable_path/Frameworks";
				PRODUCT_BUNDLE_IDENTIFIER = com.madlonkay.GlyphTester;
				PRODUCT_NAME = "$(TARGET_NAME)";
				SWIFT_SWIFT3_OBJC_INFERENCE = Default;
				SWIFT_VERSION = 4.0;
			};
			name = Debug;
		};
		C45A34641CFD10E900F4C6DD /* Release */ = {
			isa = XCBuildConfiguration;
			buildSettings = {
				ASSETCATALOG_COMPILER_APPICON_NAME = AppIcon;
				CODE_SIGN_IDENTITY = "iPhone Developer";
				DEVELOPMENT_TEAM = YJ49B547WK;
				INFOPLIST_FILE = GlyphTester/Info.plist;
				LD_RUNPATH_SEARCH_PATHS = "$(inherited) @executable_path/Frameworks";
				PRODUCT_BUNDLE_IDENTIFIER = com.madlonkay.GlyphTester;
				PRODUCT_NAME = "$(TARGET_NAME)";
				SWIFT_SWIFT3_OBJC_INFERENCE = Default;
				SWIFT_VERSION = 4.0;
			};
			name = Release;
		};
/* End XCBuildConfiguration section */

/* Begin XCConfigurationList section */
		C45A344B1CFD10E800F4C6DD /* Build configuration list for PBXProject "GlyphTester" */ = {
			isa = XCConfigurationList;
			buildConfigurations = (
				C45A34601CFD10E900F4C6DD /* Debug */,
				C45A34611CFD10E900F4C6DD /* Release */,
			);
			defaultConfigurationIsVisible = 0;
			defaultConfigurationName = Release;
		};
		C45A34621CFD10E900F4C6DD /* Build configuration list for PBXNativeTarget "GlyphTester" */ = {
			isa = XCConfigurationList;
			buildConfigurations = (
				C45A34631CFD10E900F4C6DD /* Debug */,
				C45A34641CFD10E900F4C6DD /* Release */,
			);
			defaultConfigurationIsVisible = 0;
			defaultConfigurationName = Release;
		};
/* End XCConfigurationList section */
	};
	rootObject = C45A34481CFD10E800F4C6DD /* Project object */;
}
